
Microsoft Visual Studio Solution File, Format Version 12.00
# Visual Studio Version 17
VisualStudioVersion = 17.9.34728.123
MinimumVisualStudioVersion = 10.0.40219.1
Project("{9A19103F-16F7-4668-BE54-9A1E7A4F7556}") = "applicationmvc", "applicationmvc.csproj", "{A8AC39B7-3EE1-49D7-95D4-009C90866978}"
EndProject
Project("{9A19103F-16F7-4668-BE54-9A1E7A4F7556}") = "ER-diagrammClasses", "..\ER-diagrammClasses\ER-diagrammClasses.csproj", "{4C5A6627-9FFA-4262-8E2D-AA771DA9C0FC}"
EndProject
Project("{FAE04EC0-301F-11D3-BF4B-00C04F79EFBC}") = "WebApi3", "..\WebApi3\WebApi3.csproj", "{495739EF-F866-43C4-9FE7-A75C08CDBE64}"
EndProject
Global
	GlobalSection(SolutionConfigurationPlatforms) = preSolution
		Debug|Any CPU = Debug|Any CPU
		Release|Any CPU = Release|Any CPU
	EndGlobalSection
	GlobalSection(ProjectConfigurationPlatforms) = postSolution
		{A8AC39B7-3EE1-49D7-95D4-009C90866978}.Debug|Any CPU.ActiveCfg = Debug|Any CPU
		{A8AC39B7-3EE1-49D7-95D4-009C90866978}.Debug|Any CPU.Build.0 = Debug|Any CPU
		{A8AC39B7-3EE1-49D7-95D4-009C90866978}.Release|Any CPU.ActiveCfg = Release|Any CPU
		{A8AC39B7-3EE1-49D7-95D4-009C90866978}.Release|Any CPU.Build.0 = Release|Any CPU
		{4C5A6627-9FFA-4262-8E2D-AA771DA9C0FC}.Debug|Any CPU.ActiveCfg = Debug|Any CPU
		{4C5A6627-9FFA-4262-8E2D-AA771DA9C0FC}.Debug|Any CPU.Build.0 = Debug|Any CPU
		{4C5A6627-9FFA-4262-8E2D-AA771DA9C0FC}.Release|Any CPU.ActiveCfg = Release|Any CPU
		{4C5A6627-9FFA-4262-8E2D-AA771DA9C0FC}.Release|Any CPU.Build.0 = Release|Any CPU
		{495739EF-F866-43C4-9FE7-A75C08CDBE64}.Debug|Any CPU.ActiveCfg = Debug|Any CPU
		{495739EF-F866-43C4-9FE7-A75C08CDBE64}.Debug|Any CPU.Build.0 = Debug|Any CPU
		{495739EF-F866-43C4-9FE7-A75C08CDBE64}.Release|Any CPU.ActiveCfg = Release|Any CPU
		{495739EF-F866-43C4-9FE7-A75C08CDBE64}.Release|Any CPU.Build.0 = Release|Any CPU
	EndGlobalSection
	GlobalSection(SolutionProperties) = preSolution
		HideSolutionNode = FALSE
	EndGlobalSection
	GlobalSection(ExtensibilityGlobals) = postSolution
		SolutionGuid = {1BF3C627-713D-46FC-B591-8275847E23F5}
	EndGlobalSection
EndGlobal
